// !$*UTF8*$!
{
	archiveVersion = 1;
	classes = {
	};
	objectVersion = 46;
	objects = {

/* Begin PBXBuildFile section */
		7C5BD7CD1BCF517700789D37 /* eosDesktopIcon.cpp in Sources */ = {isa = PBXBuildFile; fileRef = 7C5BD7CC1BCF517700789D37 /* eosDesktopIcon.cpp */; };
		7C5BD7D11BCF699C00789D37 /* eosClock.cpp in Sources */ = {isa = PBXBuildFile; fileRef = 7C5BD7D01BCF699C00789D37 /* eosClock.cpp */; };
		7C5BD7D41BCFED2300789D37 /* eosDockIcon.cpp in Sources */ = {isa = PBXBuildFile; fileRef = 7C5BD7D31BCFED2300789D37 /* eosDockIcon.cpp */; };
		7C625F091C20EB9400DCA413 /* eosSystemAppManager.cpp in Sources */ = {isa = PBXBuildFile; fileRef = 7C625F081C20EB9400DCA413 /* eosSystemAppManager.cpp */; };
		7C625F131C21E92A00DCA413 /* eosDesktop3DApp.cpp in Sources */ = {isa = PBXBuildFile; fileRef = 7C625F0F1C21E92A00DCA413 /* eosDesktop3DApp.cpp */; };
		7C625F141C21E92A00DCA413 /* eosDesktopCube.cpp in Sources */ = {isa = PBXBuildFile; fileRef = 7C625F101C21E92A00DCA413 /* eosDesktopCube.cpp */; };
		7C625F151C21E92A00DCA413 /* eosDesktopExplorer.cpp in Sources */ = {isa = PBXBuildFile; fileRef = 7C625F111C21E92A00DCA413 /* eosDesktopExplorer.cpp */; };
		7C625F161C21E92A00DCA413 /* eosSystemProxy.cpp in Sources */ = {isa = PBXBuildFile; fileRef = 7C625F121C21E92A00DCA413 /* eosSystemProxy.cpp */; };
		7C8DEDA11C0801C200C722A2 /* WindowServer.cpp in Sources */ = {isa = PBXBuildFile; fileRef = 7C8DED9F1C0801C200C722A2 /* WindowServer.cpp */; };
		7CD0F52B1BA6580400935AD8 /* main.cpp in Sources */ = {isa = PBXBuildFile; fileRef = 7CD0F52A1BA6580400935AD8 /* main.cpp */; };
		7CD0F6671B9A4F9E00EC4D1A /* eosNotification.cpp in Sources */ = {isa = PBXBuildFile; fileRef = 7CD0F6661B9A4F9E00EC4D1A /* eosNotification.cpp */; };
		7CD2E3741BA1B02300CEADC6 /* eosCoreSystem.cpp in Sources */ = {isa = PBXBuildFile; fileRef = 7CD2E3731BA1B02300CEADC6 /* eosCoreSystem.cpp */; };
		7CD2E3761BA1B76E00CEADC6 /* eosCoreUser.cpp in Sources */ = {isa = PBXBuildFile; fileRef = 7CD2E3751BA1B76E00CEADC6 /* eosCoreUser.cpp */; };
		7CD2E37A1BA1C7A600CEADC6 /* eosCoreTracer.cpp in Sources */ = {isa = PBXBuildFile; fileRef = 7CD2E3791BA1C7A600CEADC6 /* eosCoreTracer.cpp */; };
		7CD2E37D1BA22D4000CEADC6 /* eosHome.cpp in Sources */ = {isa = PBXBuildFile; fileRef = 7CD2E37C1BA22D4000CEADC6 /* eosHome.cpp */; };
		7CD2E3801BA23C5600CEADC6 /* eosAppViewer.cpp in Sources */ = {isa = PBXBuildFile; fileRef = 7CD2E37F1BA23C5600CEADC6 /* eosAppViewer.cpp */; };
		7CE9A6031B965E1B00E5D7B5 /* eosAppLoader.cpp in Sources */ = {isa = PBXBuildFile; fileRef = 7CE9A5F61B965E1B00E5D7B5 /* eosAppLoader.cpp */; };
		7CE9A6051B965E1B00E5D7B5 /* eosDock.cpp in Sources */ = {isa = PBXBuildFile; fileRef = 7CE9A5F81B965E1B00E5D7B5 /* eosDock.cpp */; };
		7CE9A6061B965E1B00E5D7B5 /* eosFrame.cpp in Sources */ = {isa = PBXBuildFile; fileRef = 7CE9A5F91B965E1B00E5D7B5 /* eosFrame.cpp */; };
		7CE9A6071B965E1B00E5D7B5 /* eosStatusBar.cpp in Sources */ = {isa = PBXBuildFile; fileRef = 7CE9A5FA1B965E1B00E5D7B5 /* eosStatusBar.cpp */; };
		7CE9A6151B96662A00E5D7B5 /* Cocoa.framework in Frameworks */ = {isa = PBXBuildFile; fileRef = 7CE9A6141B96662A00E5D7B5 /* Cocoa.framework */; };
		7CE9A6171B96663500E5D7B5 /* OpenGL.framework in Frameworks */ = {isa = PBXBuildFile; fileRef = 7CE9A6161B96663500E5D7B5 /* OpenGL.framework */; };
		7CE9A6191B96665600E5D7B5 /* MainMenu.xib in Resources */ = {isa = PBXBuildFile; fileRef = 7CE9A6181B96665600E5D7B5 /* MainMenu.xib */; };
		7CE9A6871B97378200E5D7B5 /* eosSystemCore.cpp in Sources */ = {isa = PBXBuildFile; fileRef = 7CE9A6861B97378200E5D7B5 /* eosSystemCore.cpp */; };
		7CE9A6891B976E7100E5D7B5 /* eosDesktop.cpp in Sources */ = {isa = PBXBuildFile; fileRef = 7CE9A6881B976E7100E5D7B5 /* eosDesktop.cpp */; };
		7CE9A6931B99D73000E5D7B5 /* eosAlert.cpp in Sources */ = {isa = PBXBuildFile; fileRef = 7CE9A6921B99D73000E5D7B5 /* eosAlert.cpp */; };
		7CE9A6A51B99E85D00E5D7B5 /* Makefile in Sources */ = {isa = PBXBuildFile; fileRef = 7CE9A6A41B99E85D00E5D7B5 /* Makefile */; };
/* End PBXBuildFile section */

/* Begin PBXFileReference section */
		7C5BD7CC1BCF517700789D37 /* eosDesktopIcon.cpp */ = {isa = PBXFileReference; fileEncoding = 4; lastKnownFileType = sourcecode.cpp.cpp; name = eosDesktopIcon.cpp; path = ../../../source/eosDesktopIcon.cpp; sourceTree = "<group>"; };
		7C5BD7CE1BCF519200789D37 /* eosDesktopIcon.h */ = {isa = PBXFileReference; fileEncoding = 4; lastKnownFileType = sourcecode.c.h; name = eosDesktopIcon.h; path = ../../../include/eosDesktopIcon.h; sourceTree = "<group>"; };
		7C5BD7CF1BCF699000789D37 /* eosClock.h */ = {isa = PBXFileReference; fileEncoding = 4; lastKnownFileType = sourcecode.c.h; name = eosClock.h; path = ../../../include/eosClock.h; sourceTree = "<group>"; };
		7C5BD7D01BCF699C00789D37 /* eosClock.cpp */ = {isa = PBXFileReference; fileEncoding = 4; lastKnownFileType = sourcecode.cpp.cpp; name = eosClock.cpp; path = ../../../source/eosClock.cpp; sourceTree = "<group>"; };
		7C5BD7D21BCFED1900789D37 /* eosDockIcon.h */ = {isa = PBXFileReference; fileEncoding = 4; lastKnownFileType = sourcecode.c.h; name = eosDockIcon.h; path = ../../../include/eosDockIcon.h; sourceTree = "<group>"; };
		7C5BD7D31BCFED2300789D37 /* eosDockIcon.cpp */ = {isa = PBXFileReference; fileEncoding = 4; lastKnownFileType = sourcecode.cpp.cpp; name = eosDockIcon.cpp; path = ../../../source/eosDockIcon.cpp; sourceTree = "<group>"; };
		7C625F071C20EB8000DCA413 /* eosSystemAppManager.h */ = {isa = PBXFileReference; fileEncoding = 4; lastKnownFileType = sourcecode.c.h; name = eosSystemAppManager.h; path = ../../../include/eosSystemAppManager.h; sourceTree = "<group>"; };
		7C625F081C20EB9400DCA413 /* eosSystemAppManager.cpp */ = {isa = PBXFileReference; fileEncoding = 4; lastKnownFileType = sourcecode.cpp.cpp; name = eosSystemAppManager.cpp; path = ../../../source/eosSystemAppManager.cpp; sourceTree = "<group>"; };
		7C625F0A1C21E90200DCA413 /* eosDesktop3DApp.h */ = {isa = PBXFileReference; fileEncoding = 4; lastKnownFileType = sourcecode.c.h; name = eosDesktop3DApp.h; path = ../../../include/eosDesktop3DApp.h; sourceTree = "<group>"; };
		7C625F0B1C21E90200DCA413 /* eosDesktopCube.h */ = {isa = PBXFileReference; fileEncoding = 4; lastKnownFileType = sourcecode.c.h; name = eosDesktopCube.h; path = ../../../include/eosDesktopCube.h; sourceTree = "<group>"; };
		7C625F0C1C21E90200DCA413 /* eosDesktopExplorer.h */ = {isa = PBXFileReference; fileEncoding = 4; lastKnownFileType = sourcecode.c.h; name = eosDesktopExplorer.h; path = ../../../include/eosDesktopExplorer.h; sourceTree = "<group>"; };
		7C625F0D1C21E91200DCA413 /* eosPlatform.h */ = {isa = PBXFileReference; fileEncoding = 4; lastKnownFileType = sourcecode.c.h; name = eosPlatform.h; path = ../../../include/eosPlatform.h; sourceTree = "<group>"; };
		7C625F0E1C21E91200DCA413 /* eosSystemProxy.h */ = {isa = PBXFileReference; fileEncoding = 4; lastKnownFileType = sourcecode.c.h; name = eosSystemProxy.h; path = ../../../include/eosSystemProxy.h; sourceTree = "<group>"; };
		7C625F0F1C21E92A00DCA413 /* eosDesktop3DApp.cpp */ = {isa = PBXFileReference; fileEncoding = 4; lastKnownFileType = sourcecode.cpp.cpp; name = eosDesktop3DApp.cpp; path = ../../../source/eosDesktop3DApp.cpp; sourceTree = "<group>"; };
		7C625F101C21E92A00DCA413 /* eosDesktopCube.cpp */ = {isa = PBXFileReference; fileEncoding = 4; lastKnownFileType = sourcecode.cpp.cpp; name = eosDesktopCube.cpp; path = ../../../source/eosDesktopCube.cpp; sourceTree = "<group>"; };
		7C625F111C21E92A00DCA413 /* eosDesktopExplorer.cpp */ = {isa = PBXFileReference; fileEncoding = 4; lastKnownFileType = sourcecode.cpp.cpp; name = eosDesktopExplorer.cpp; path = ../../../source/eosDesktopExplorer.cpp; sourceTree = "<group>"; };
		7C625F121C21E92A00DCA413 /* eosSystemProxy.cpp */ = {isa = PBXFileReference; fileEncoding = 4; lastKnownFileType = sourcecode.cpp.cpp; name = eosSystemProxy.cpp; path = ../../../source/eosSystemProxy.cpp; sourceTree = "<group>"; };
		7C8DED9F1C0801C200C722A2 /* WindowServer.cpp */ = {isa = PBXFileReference; fileEncoding = 4; lastKnownFileType = sourcecode.cpp.cpp; name = WindowServer.cpp; path = ../../../WindowServer.cpp; sourceTree = "<group>"; };
		7C8DEDA01C0801C200C722A2 /* WindowServer.hpp */ = {isa = PBXFileReference; fileEncoding = 4; lastKnownFileType = sourcecode.cpp.h; name = WindowServer.hpp; path = ../../../WindowServer.hpp; sourceTree = "<group>"; };
		7CD0F52A1BA6580400935AD8 /* main.cpp */ = {isa = PBXFileReference; fileEncoding = 4; lastKnownFileType = sourcecode.cpp.cpp; name = main.cpp; path = ../../../main.cpp; sourceTree = "<group>"; };
		7CD0F6661B9A4F9E00EC4D1A /* eosNotification.cpp */ = {isa = PBXFileReference; fileEncoding = 4; lastKnownFileType = sourcecode.cpp.cpp; name = eosNotification.cpp; path = ../../../source/eosNotification.cpp; sourceTree = "<group>"; };
		7CD0F66A1B9A4FA900EC4D1A /* eosNotification.h */ = {isa = PBXFileReference; fileEncoding = 4; lastKnownFileType = sourcecode.c.h; name = eosNotification.h; path = ../../../include/eosNotification.h; sourceTree = "<group>"; };
		7CD2E3701BA1B00700CEADC6 /* eosCoreSystem.h */ = {isa = PBXFileReference; fileEncoding = 4; lastKnownFileType = sourcecode.c.h; name = eosCoreSystem.h; path = ../../../include/eosCoreSystem.h; sourceTree = "<group>"; };
		7CD2E3731BA1B02300CEADC6 /* eosCoreSystem.cpp */ = {isa = PBXFileReference; fileEncoding = 4; lastKnownFileType = sourcecode.cpp.cpp; name = eosCoreSystem.cpp; path = ../../../source/eosCoreSystem.cpp; sourceTree = "<group>"; };
		7CD2E3751BA1B76E00CEADC6 /* eosCoreUser.cpp */ = {isa = PBXFileReference; fileEncoding = 4; lastKnownFileType = sourcecode.cpp.cpp; name = eosCoreUser.cpp; path = ../../../source/eosCoreUser.cpp; sourceTree = "<group>"; };
		7CD2E3771BA1B77800CEADC6 /* eosCoreUser.h */ = {isa = PBXFileReference; fileEncoding = 4; lastKnownFileType = sourcecode.c.h; name = eosCoreUser.h; path = ../../../include/eosCoreUser.h; sourceTree = "<group>"; };
		7CD2E3791BA1C7A600CEADC6 /* eosCoreTracer.cpp */ = {isa = PBXFileReference; fileEncoding = 4; lastKnownFileType = sourcecode.cpp.cpp; name = eosCoreTracer.cpp; path = ../../../source/eosCoreTracer.cpp; sourceTree = "<group>"; };
		7CD2E37B1BA1C7B200CEADC6 /* eosCoreTracer.h */ = {isa = PBXFileReference; fileEncoding = 4; lastKnownFileType = sourcecode.c.h; name = eosCoreTracer.h; path = ../../../include/eosCoreTracer.h; sourceTree = "<group>"; };
		7CD2E37C1BA22D4000CEADC6 /* eosHome.cpp */ = {isa = PBXFileReference; fileEncoding = 4; lastKnownFileType = sourcecode.cpp.cpp; name = eosHome.cpp; path = ../../../source/eosHome.cpp; sourceTree = "<group>"; };
		7CD2E37E1BA22D4D00CEADC6 /* eosHome.h */ = {isa = PBXFileReference; fileEncoding = 4; lastKnownFileType = sourcecode.c.h; name = eosHome.h; path = ../../../include/eosHome.h; sourceTree = "<group>"; };
		7CD2E37F1BA23C5600CEADC6 /* eosAppViewer.cpp */ = {isa = PBXFileReference; fileEncoding = 4; lastKnownFileType = sourcecode.cpp.cpp; name = eosAppViewer.cpp; path = ../../../source/eosAppViewer.cpp; sourceTree = "<group>"; };
		7CD2E3811BA23C6200CEADC6 /* eosAppViewer.h */ = {isa = PBXFileReference; fileEncoding = 4; lastKnownFileType = sourcecode.c.h; name = eosAppViewer.h; path = ../../../include/eosAppViewer.h; sourceTree = "<group>"; };
		7CE9A5C51B965D4500E5D7B5 /* eos.app */ = {isa = PBXFileReference; explicitFileType = wrapper.application; includeInIndex = 0; path = eos.app; sourceTree = BUILT_PRODUCTS_DIR; };
		7CE9A5C91B965D4500E5D7B5 /* Info.plist */ = {isa = PBXFileReference; lastKnownFileType = text.plist.xml; path = Info.plist; sourceTree = "<group>"; };
		7CE9A5EB1B965DC100E5D7B5 /* eosAppLoader.h */ = {isa = PBXFileReference; fileEncoding = 4; lastKnownFileType = sourcecode.c.h; name = eosAppLoader.h; path = ../../../include/eosAppLoader.h; sourceTree = "<group>"; };
		7CE9A5ED1B965DC100E5D7B5 /* eosDock.h */ = {isa = PBXFileReference; fileEncoding = 4; lastKnownFileType = sourcecode.c.h; name = eosDock.h; path = ../../../include/eosDock.h; sourceTree = "<group>"; };
		7CE9A5EE1B965DC100E5D7B5 /* eosFrame.h */ = {isa = PBXFileReference; fileEncoding = 4; lastKnownFileType = sourcecode.c.h; name = eosFrame.h; path = ../../../include/eosFrame.h; sourceTree = "<group>"; };
		7CE9A5EF1B965DC100E5D7B5 /* eosStatusBar.h */ = {isa = PBXFileReference; fileEncoding = 4; lastKnownFileType = sourcecode.c.h; name = eosStatusBar.h; path = ../../../include/eosStatusBar.h; sourceTree = "<group>"; };
		7CE9A5F61B965E1B00E5D7B5 /* eosAppLoader.cpp */ = {isa = PBXFileReference; fileEncoding = 4; lastKnownFileType = sourcecode.cpp.cpp; name = eosAppLoader.cpp; path = ../../../source/eosAppLoader.cpp; sourceTree = "<group>"; };
		7CE9A5F81B965E1B00E5D7B5 /* eosDock.cpp */ = {isa = PBXFileReference; fileEncoding = 4; lastKnownFileType = sourcecode.cpp.cpp; name = eosDock.cpp; path = ../../../source/eosDock.cpp; sourceTree = "<group>"; };
		7CE9A5F91B965E1B00E5D7B5 /* eosFrame.cpp */ = {isa = PBXFileReference; fileEncoding = 4; lastKnownFileType = sourcecode.cpp.cpp; name = eosFrame.cpp; path = ../../../source/eosFrame.cpp; sourceTree = "<group>"; };
		7CE9A5FA1B965E1B00E5D7B5 /* eosStatusBar.cpp */ = {isa = PBXFileReference; fileEncoding = 4; lastKnownFileType = sourcecode.cpp.cpp; name = eosStatusBar.cpp; path = ../../../source/eosStatusBar.cpp; sourceTree = "<group>"; };
		7CE9A6141B96662A00E5D7B5 /* Cocoa.framework */ = {isa = PBXFileReference; lastKnownFileType = wrapper.framework; name = Cocoa.framework; path = System/Library/Frameworks/Cocoa.framework; sourceTree = SDKROOT; };
		7CE9A6161B96663500E5D7B5 /* OpenGL.framework */ = {isa = PBXFileReference; lastKnownFileType = wrapper.framework; name = OpenGL.framework; path = System/Library/Frameworks/OpenGL.framework; sourceTree = SDKROOT; };
		7CE9A6181B96665600E5D7B5 /* MainMenu.xib */ = {isa = PBXFileReference; fileEncoding = 4; lastKnownFileType = file.xib; path = MainMenu.xib; sourceTree = "<group>"; };
		7CE9A6851B97376F00E5D7B5 /* eosSystemCore.h */ = {isa = PBXFileReference; lastKnownFileType = sourcecode.c.h; name = eosSystemCore.h; path = ../../../include/eosSystemCore.h; sourceTree = "<group>"; };
		7CE9A6861B97378200E5D7B5 /* eosSystemCore.cpp */ = {isa = PBXFileReference; fileEncoding = 4; lastKnownFileType = sourcecode.cpp.cpp; name = eosSystemCore.cpp; path = ../../../source/eosSystemCore.cpp; sourceTree = "<group>"; };
		7CE9A6881B976E7100E5D7B5 /* eosDesktop.cpp */ = {isa = PBXFileReference; fileEncoding = 4; lastKnownFileType = sourcecode.cpp.cpp; name = eosDesktop.cpp; path = ../../../source/eosDesktop.cpp; sourceTree = "<group>"; };
		7CE9A68A1B976E8700E5D7B5 /* eosDesktop.h */ = {isa = PBXFileReference; fileEncoding = 4; lastKnownFileType = sourcecode.c.h; name = eosDesktop.h; path = ../../../include/eosDesktop.h; sourceTree = "<group>"; };
		7CE9A6911B99D72300E5D7B5 /* eosAlert.h */ = {isa = PBXFileReference; fileEncoding = 4; lastKnownFileType = sourcecode.c.h; name = eosAlert.h; path = ../../../include/eosAlert.h; sourceTree = "<group>"; };
		7CE9A6921B99D73000E5D7B5 /* eosAlert.cpp */ = {isa = PBXFileReference; fileEncoding = 4; lastKnownFileType = sourcecode.cpp.cpp; name = eosAlert.cpp; path = ../../../source/eosAlert.cpp; sourceTree = "<group>"; };
		7CE9A6A41B99E85D00E5D7B5 /* Makefile */ = {isa = PBXFileReference; fileEncoding = 4; lastKnownFileType = sourcecode.make; name = Makefile; path = ../../Makefile; sourceTree = "<group>"; usesTabs = 1; };
/* End PBXFileReference section */

/* Begin PBXFrameworksBuildPhase section */
		7CE9A5C21B965D4500E5D7B5 /* Frameworks */ = {
			isa = PBXFrameworksBuildPhase;
			buildActionMask = 2147483647;
			files = (
				7CE9A6171B96663500E5D7B5 /* OpenGL.framework in Frameworks */,
				7CE9A6151B96662A00E5D7B5 /* Cocoa.framework in Frameworks */,
			);
			runOnlyForDeploymentPostprocessing = 0;
		};
/* End PBXFrameworksBuildPhase section */

/* Begin PBXGroup section */
		7C7C4BE61C1B84AB0018D23A /* DesktopApp */ = {
			isa = PBXGroup;
			children = (
				7CE9A6921B99D73000E5D7B5 /* eosAlert.cpp */,
				7CE9A6911B99D72300E5D7B5 /* eosAlert.h */,
				7CD2E37F1BA23C5600CEADC6 /* eosAppViewer.cpp */,
				7CD2E3811BA23C6200CEADC6 /* eosAppViewer.h */,
				7C5BD7D01BCF699C00789D37 /* eosClock.cpp */,
				7C5BD7CF1BCF699000789D37 /* eosClock.h */,
				7CE9A5F81B965E1B00E5D7B5 /* eosDock.cpp */,
				7CE9A5ED1B965DC100E5D7B5 /* eosDock.h */,
				7C5BD7D31BCFED2300789D37 /* eosDockIcon.cpp */,
				7C5BD7D21BCFED1900789D37 /* eosDockIcon.h */,
				7CD2E37C1BA22D4000CEADC6 /* eosHome.cpp */,
				7CD2E37E1BA22D4D00CEADC6 /* eosHome.h */,
				7CD0F6661B9A4F9E00EC4D1A /* eosNotification.cpp */,
				7CD0F66A1B9A4FA900EC4D1A /* eosNotification.h */,
				7CE9A5FA1B965E1B00E5D7B5 /* eosStatusBar.cpp */,
				7CE9A5EF1B965DC100E5D7B5 /* eosStatusBar.h */,
			);
			name = DesktopApp;
			sourceTree = "<group>";
		};
		7C7C4BE71C1B852D0018D23A /* System */ = {
			isa = PBXGroup;
			children = (
				7C625F121C21E92A00DCA413 /* eosSystemProxy.cpp */,
				7C625F0D1C21E91200DCA413 /* eosPlatform.h */,
				7C625F0E1C21E91200DCA413 /* eosSystemProxy.h */,
				7CD2E3731BA1B02300CEADC6 /* eosCoreSystem.cpp */,
				7CD2E3701BA1B00700CEADC6 /* eosCoreSystem.h */,
				7CD2E3791BA1C7A600CEADC6 /* eosCoreTracer.cpp */,
				7CD2E37B1BA1C7B200CEADC6 /* eosCoreTracer.h */,
				7CD2E3751BA1B76E00CEADC6 /* eosCoreUser.cpp */,
				7CD2E3771BA1B77800CEADC6 /* eosCoreUser.h */,
				7C625F081C20EB9400DCA413 /* eosSystemAppManager.cpp */,
				7C625F071C20EB8000DCA413 /* eosSystemAppManager.h */,
				7CE9A6861B97378200E5D7B5 /* eosSystemCore.cpp */,
				7CE9A6851B97376F00E5D7B5 /* eosSystemCore.h */,
			);
			name = System;
			sourceTree = "<group>";
		};
		7CE9A5BC1B965D4500E5D7B5 = {
			isa = PBXGroup;
			children = (
				7CE9A6A41B99E85D00E5D7B5 /* Makefile */,
				7CE9A5C71B965D4500E5D7B5 /* eos */,
				7CE9A5C61B965D4500E5D7B5 /* Products */,
			);
			sourceTree = "<group>";
		};
		7CE9A5C61B965D4500E5D7B5 /* Products */ = {
			isa = PBXGroup;
			children = (
				7CE9A5C51B965D4500E5D7B5 /* eos.app */,
			);
			name = Products;
			sourceTree = "<group>";
		};
		7CE9A5C71B965D4500E5D7B5 /* eos */ = {
			isa = PBXGroup;
			children = (
				7C7C4BE61C1B84AB0018D23A /* DesktopApp */,
				7CE9A5E81B965D9E00E5D7B5 /* Desktop */,
				7C7C4BE71C1B852D0018D23A /* System */,
				7CD0F52A1BA6580400935AD8 /* main.cpp */,
				7C8DED9F1C0801C200C722A2 /* WindowServer.cpp */,
				7C8DEDA01C0801C200C722A2 /* WindowServer.hpp */,
				7CE9A6161B96663500E5D7B5 /* OpenGL.framework */,
				7CE9A6141B96662A00E5D7B5 /* Cocoa.framework */,
				7CE9A5C81B965D4500E5D7B5 /* Supporting Files */,
			);
			path = eos;
			sourceTree = "<group>";
		};
		7CE9A5C81B965D4500E5D7B5 /* Supporting Files */ = {
			isa = PBXGroup;
			children = (
				7CE9A5C91B965D4500E5D7B5 /* Info.plist */,
			);
			name = "Supporting Files";
			sourceTree = "<group>";
		};
		7CE9A5E81B965D9E00E5D7B5 /* Desktop */ = {
			isa = PBXGroup;
			children = (
				7C625F0F1C21E92A00DCA413 /* eosDesktop3DApp.cpp */,
				7C625F101C21E92A00DCA413 /* eosDesktopCube.cpp */,
				7C625F111C21E92A00DCA413 /* eosDesktopExplorer.cpp */,
				7C625F0A1C21E90200DCA413 /* eosDesktop3DApp.h */,
				7C625F0B1C21E90200DCA413 /* eosDesktopCube.h */,
				7C625F0C1C21E90200DCA413 /* eosDesktopExplorer.h */,
				7CE9A5F61B965E1B00E5D7B5 /* eosAppLoader.cpp */,
				7CE9A5EB1B965DC100E5D7B5 /* eosAppLoader.h */,
				7CE9A6881B976E7100E5D7B5 /* eosDesktop.cpp */,
				7CE9A68A1B976E8700E5D7B5 /* eosDesktop.h */,
				7C5BD7CC1BCF517700789D37 /* eosDesktopIcon.cpp */,
				7C5BD7CE1BCF519200789D37 /* eosDesktopIcon.h */,
				7CE9A5F91B965E1B00E5D7B5 /* eosFrame.cpp */,
				7CE9A5EE1B965DC100E5D7B5 /* eosFrame.h */,
				7CE9A6181B96665600E5D7B5 /* MainMenu.xib */,
			);
			name = Desktop;
			sourceTree = "<group>";
		};
/* End PBXGroup section */

/* Begin PBXNativeTarget section */
		7CE9A5C41B965D4500E5D7B5 /* eos */ = {
			isa = PBXNativeTarget;
			buildConfigurationList = 7CE9A5E21B965D4600E5D7B5 /* Build configuration list for PBXNativeTarget "eos" */;
			buildPhases = (
				7CE9A5C11B965D4500E5D7B5 /* Sources */,
				7CE9A5C21B965D4500E5D7B5 /* Frameworks */,
				7CE9A5C31B965D4500E5D7B5 /* Resources */,
			);
			buildRules = (
			);
			dependencies = (
			);
			name = eos;
			productName = eos;
			productReference = 7CE9A5C51B965D4500E5D7B5 /* eos.app */;
			productType = "com.apple.product-type.application";
		};
/* End PBXNativeTarget section */

/* Begin PBXProject section */
		7CE9A5BD1B965D4500E5D7B5 /* Project object */ = {
			isa = PBXProject;
			attributes = {
				LastUpgradeCheck = 0610;
				ORGANIZATIONNAME = axLib;
				TargetAttributes = {
					7CE9A5C41B965D4500E5D7B5 = {
						CreatedOnToolsVersion = 6.1;
					};
				};
			};
			buildConfigurationList = 7CE9A5C01B965D4500E5D7B5 /* Build configuration list for PBXProject "eos" */;
			compatibilityVersion = "Xcode 3.2";
			developmentRegion = English;
			hasScannedForEncodings = 0;
			knownRegions = (
				en,
				Base,
			);
			mainGroup = 7CE9A5BC1B965D4500E5D7B5;
			productRefGroup = 7CE9A5C61B965D4500E5D7B5 /* Products */;
			projectDirPath = "";
			projectRoot = "";
			targets = (
				7CE9A5C41B965D4500E5D7B5 /* eos */,
			);
		};
/* End PBXProject section */

/* Begin PBXResourcesBuildPhase section */
		7CE9A5C31B965D4500E5D7B5 /* Resources */ = {
			isa = PBXResourcesBuildPhase;
			buildActionMask = 2147483647;
			files = (
				7CE9A6191B96665600E5D7B5 /* MainMenu.xib in Resources */,
			);
			runOnlyForDeploymentPostprocessing = 0;
		};
/* End PBXResourcesBuildPhase section */

/* Begin PBXSourcesBuildPhase section */
		7CE9A5C11B965D4500E5D7B5 /* Sources */ = {
			isa = PBXSourcesBuildPhase;
			buildActionMask = 2147483647;
			files = (
				7C5BD7D11BCF699C00789D37 /* eosClock.cpp in Sources */,
				7CD2E3741BA1B02300CEADC6 /* eosCoreSystem.cpp in Sources */,
				7C625F151C21E92A00DCA413 /* eosDesktopExplorer.cpp in Sources */,
				7CE9A6A51B99E85D00E5D7B5 /* Makefile in Sources */,
				7CE9A6891B976E7100E5D7B5 /* eosDesktop.cpp in Sources */,
				7C8DEDA11C0801C200C722A2 /* WindowServer.cpp in Sources */,
				7CD0F6671B9A4F9E00EC4D1A /* eosNotification.cpp in Sources */,
				7CE9A6051B965E1B00E5D7B5 /* eosDock.cpp in Sources */,
				7C625F091C20EB9400DCA413 /* eosSystemAppManager.cpp in Sources */,
				7CD2E37D1BA22D4000CEADC6 /* eosHome.cpp in Sources */,
				7CE9A6031B965E1B00E5D7B5 /* eosAppLoader.cpp in Sources */,
				7CE9A6931B99D73000E5D7B5 /* eosAlert.cpp in Sources */,
				7C5BD7D41BCFED2300789D37 /* eosDockIcon.cpp in Sources */,
				7CD0F52B1BA6580400935AD8 /* main.cpp in Sources */,
				7CE9A6871B97378200E5D7B5 /* eosSystemCore.cpp in Sources */,
				7CE9A6071B965E1B00E5D7B5 /* eosStatusBar.cpp in Sources */,
				7CE9A6061B965E1B00E5D7B5 /* eosFrame.cpp in Sources */,
				7C625F161C21E92A00DCA413 /* eosSystemProxy.cpp in Sources */,
				7C625F131C21E92A00DCA413 /* eosDesktop3DApp.cpp in Sources */,
				7CD2E3801BA23C5600CEADC6 /* eosAppViewer.cpp in Sources */,
				7C5BD7CD1BCF517700789D37 /* eosDesktopIcon.cpp in Sources */,
				7CD2E37A1BA1C7A600CEADC6 /* eosCoreTracer.cpp in Sources */,
				7CD2E3761BA1B76E00CEADC6 /* eosCoreUser.cpp in Sources */,
				7C625F141C21E92A00DCA413 /* eosDesktopCube.cpp in Sources */,
			);
			runOnlyForDeploymentPostprocessing = 0;
		};
/* End PBXSourcesBuildPhase section */

/* Begin XCBuildConfiguration section */
		7CE9A5E01B965D4600E5D7B5 /* Debug */ = {
			isa = XCBuildConfiguration;
			buildSettings = {
				ALWAYS_SEARCH_USER_PATHS = NO;
				CLANG_CXX_LANGUAGE_STANDARD = "gnu++0x";
				CLANG_CXX_LIBRARY = "libc++";
				CLANG_ENABLE_MODULES = YES;
				CLANG_ENABLE_OBJC_ARC = YES;
				CLANG_WARN_BOOL_CONVERSION = YES;
				CLANG_WARN_CONSTANT_CONVERSION = YES;
				CLANG_WARN_DIRECT_OBJC_ISA_USAGE = YES_ERROR;
				CLANG_WARN_EMPTY_BODY = YES;
				CLANG_WARN_ENUM_CONVERSION = YES;
				CLANG_WARN_INT_CONVERSION = YES;
				CLANG_WARN_OBJC_ROOT_CLASS = YES_ERROR;
				CLANG_WARN_UNREACHABLE_CODE = YES;
				CLANG_WARN__DUPLICATE_METHOD_MATCH = YES;
				CODE_SIGN_IDENTITY = "-";
				COPY_PHASE_STRIP = NO;
				ENABLE_STRICT_OBJC_MSGSEND = YES;
				GCC_C_LANGUAGE_STANDARD = gnu99;
				GCC_DYNAMIC_NO_PIC = NO;
				GCC_OPTIMIZATION_LEVEL = 0;
				GCC_PREPROCESSOR_DEFINITIONS = (
					"DEBUG=1",
					"$(inherited)",
				);
				GCC_SYMBOLS_PRIVATE_EXTERN = NO;
				GCC_WARN_64_TO_32_BIT_CONVERSION = YES;
				GCC_WARN_ABOUT_RETURN_TYPE = YES_ERROR;
				GCC_WARN_UNDECLARED_SELECTOR = YES;
				GCC_WARN_UNINITIALIZED_AUTOS = YES_AGGRESSIVE;
				GCC_WARN_UNUSED_FUNCTION = YES;
				GCC_WARN_UNUSED_VARIABLE = YES;
				HEADER_SEARCH_PATHS = (
					"$(inherited)",
					/Applications/Xcode.app/Contents/Developer/Toolchains/XcodeDefault.xctoolchain/usr/include,
					/usr/local/include/,
					/usr/local/include/freetype2,
				);
				LIBRARY_SEARCH_PATHS = /usr/local/lib/;
				MACOSX_DEPLOYMENT_TARGET = 10.10;
				MTL_ENABLE_DEBUG_INFO = YES;
				ONLY_ACTIVE_ARCH = YES;
				OTHER_LDFLAGS = (
					"-laxLibCore",
					"-lpng",
					"-lfreetype",
					"-laxExec",
					"-laxDatabase",
					"-lsqlite3",
					"-lopencv_imgproc",
					"-lopencv_videoio",
					"-lopencv_core",
					"-lboost_container",
					"-lboost_system",
				);
				SDKROOT = macosx;
			};
			name = Debug;
		};
		7CE9A5E11B965D4600E5D7B5 /* Release */ = {
			isa = XCBuildConfiguration;
			buildSettings = {
				ALWAYS_SEARCH_USER_PATHS = NO;
				CLANG_CXX_LANGUAGE_STANDARD = "gnu++0x";
				CLANG_CXX_LIBRARY = "libc++";
				CLANG_ENABLE_MODULES = YES;
				CLANG_ENABLE_OBJC_ARC = YES;
				CLANG_WARN_BOOL_CONVERSION = YES;
				CLANG_WARN_CONSTANT_CONVERSION = YES;
				CLANG_WARN_DIRECT_OBJC_ISA_USAGE = YES_ERROR;
				CLANG_WARN_EMPTY_BODY = YES;
				CLANG_WARN_ENUM_CONVERSION = YES;
				CLANG_WARN_INT_CONVERSION = YES;
				CLANG_WARN_OBJC_ROOT_CLASS = YES_ERROR;
				CLANG_WARN_UNREACHABLE_CODE = YES;
				CLANG_WARN__DUPLICATE_METHOD_MATCH = YES;
				CODE_SIGN_IDENTITY = "-";
				COPY_PHASE_STRIP = YES;
				DEBUG_INFORMATION_FORMAT = "dwarf-with-dsym";
				ENABLE_NS_ASSERTIONS = NO;
				ENABLE_STRICT_OBJC_MSGSEND = YES;
				GCC_C_LANGUAGE_STANDARD = gnu99;
				GCC_WARN_64_TO_32_BIT_CONVERSION = YES;
				GCC_WARN_ABOUT_RETURN_TYPE = YES_ERROR;
				GCC_WARN_UNDECLARED_SELECTOR = YES;
				GCC_WARN_UNINITIALIZED_AUTOS = YES_AGGRESSIVE;
				GCC_WARN_UNUSED_FUNCTION = YES;
				GCC_WARN_UNUSED_VARIABLE = YES;
				HEADER_SEARCH_PATHS = (
					"$(inherited)",
					/Applications/Xcode.app/Contents/Developer/Toolchains/XcodeDefault.xctoolchain/usr/include,
					/usr/local/include/,
					/usr/local/include/freetype2,
				);
				LIBRARY_SEARCH_PATHS = /usr/local/lib/;
				MACOSX_DEPLOYMENT_TARGET = 10.10;
				MTL_ENABLE_DEBUG_INFO = NO;
				OTHER_LDFLAGS = (
					"-laxLibCore",
					"-lpng",
					"-lfreetype",
					"-laxExec",
					"-laxDatabase",
					"-lsqlite3",
					"-lopencv_imgproc",
					"-lopencv_videoio",
					"-lopencv_core",
					"-lboost_container",
					"-lboost_system",
				);
				SDKROOT = macosx;
			};
			name = Release;
		};
		7CE9A5E31B965D4600E5D7B5 /* Debug */ = {
			isa = XCBuildConfiguration;
			buildSettings = {
				ASSETCATALOG_COMPILER_APPICON_NAME = AppIcon;
				COMBINE_HIDPI_IMAGES = YES;
				CONFIGURATION_BUILD_DIR = ../../;
				INFOPLIST_FILE = eos/Info.plist;
				LD_RUNPATH_SEARCH_PATHS = "$(inherited) @executable_path/../Frameworks";
				PRODUCT_NAME = "$(TARGET_NAME)";
			};
			name = Debug;
		};
		7CE9A5E41B965D4600E5D7B5 /* Release */ = {
			isa = XCBuildConfiguration;
			buildSettings = {
				ASSETCATALOG_COMPILER_APPICON_NAME = AppIcon;
				COMBINE_HIDPI_IMAGES = YES;
				INFOPLIST_FILE = eos/Info.plist;
				LD_RUNPATH_SEARCH_PATHS = "$(inherited) @executable_path/../Frameworks";
				PRODUCT_NAME = "$(TARGET_NAME)";
			};
			name = Release;
		};
/* End XCBuildConfiguration section */

/* Begin XCConfigurationList section */
		7CE9A5C01B965D4500E5D7B5 /* Build configuration list for PBXProject "eos" */ = {
			isa = XCConfigurationList;
			buildConfigurations = (
				7CE9A5E01B965D4600E5D7B5 /* Debug */,
				7CE9A5E11B965D4600E5D7B5 /* Release */,
			);
			defaultConfigurationIsVisible = 0;
			defaultConfigurationName = Release;
		};
		7CE9A5E21B965D4600E5D7B5 /* Build configuration list for PBXNativeTarget "eos" */ = {
			isa = XCConfigurationList;
			buildConfigurations = (
				7CE9A5E31B965D4600E5D7B5 /* Debug */,
				7CE9A5E41B965D4600E5D7B5 /* Release */,
			);
			defaultConfigurationIsVisible = 0;
			defaultConfigurationName = Release;
		};
/* End XCConfigurationList section */
	};
	rootObject = 7CE9A5BD1B965D4500E5D7B5 /* Project object */;
}
